github.com/zncoder/check v0.0.0-20240108033648-3832b34ccb2c h1:b/vrS3B9YDV3XGEppafB1s+KsNsQIN5NU/s7g/PS1lQ=
github.com/zncoder/check v0.0.0-20240108033648-3832b34ccb2c/go.mod h1:dee1ljbNl8dSrDgTCj3OOfAL5MbG2u4y28MtOlpzJUQ=
github.com/zncoder/check v0.0.0-20240210002418-b80dbf41f5c4 h1:boJaS5CJFTvqXbYj+jPPP5ir2MRSG/EiJiqQ0izl4h4=
github.com/zncoder/check v0.0.0-20240210002418-b80dbf41f5c4/go.mod h1:dee1ljbNl8dSrDgTCj3OOfAL5MbG2u4y28MtOlpzJUQ=
github.com/zncoder/mygo v0.0.0-20240107053933-39e8a1d70e52 h1:Iw46w4VWAv6t6E1rflPwtoVLrl6tC+TjbCAUkUHDl6o=
github.com/zncoder/mygo v0.0.0-20240107053933-39e8a1d70e52/go.mod h1:rpiKOIaRp53FeVZxTdodF/sWAdHXv4DQNFmatzLV9+U=
github.com/zncoder/mygo v0.0.0-20240108040746-e7e5108406c2 h1:5Km6B80Z4gcAUa133Vhir+ylZ6VfHOn0cVi92gzdxtY=
github.com/zncoder/mygo v0.0.0-20240108040746-e7e5108406c2/go.mod h1:rpiKOIaRp53FeVZxTdodF/sWAdHXv4DQNFmatzLV9+U=
github.com/zncoder/mygo v0.0.0-20240210002705-d7cf0957029b h1:fzLz+UtQOHqDlCfyS1e2QvLpDvtzGpEyJMo8qiLslHs=
github.com/zncoder/mygo v0.0.0-20240210002705-d7cf0957029b/go.mod h1:aibW6XtXasDWCuQLXqwWVMeUhLxPWYOGW6CLgzSiIRQ=
github.com/zncoder/mygo v0.0.0-20240210064443-aa61f2404fb8 h1:yk8KjjkS/C/sltZvZ6Ac+224ycROLtpcaQTvZVyFRpo=
github.com/zncoder/mygo v0.0.0-20240210064443-aa61f2404fb8/go.mod h1:aibW6XtXasDWCuQLXqwWVMeUhLxPWYOGW6CLgzSiIRQ=
github.com/zncoder/mygo v0.0.0-20240210065606-32876027d0c0 h1:JnznU2CaRwKQd7mZzvd0FRbM5F3a8kTFrj/qsSgd9wg=
github.com/zncoder/mygo v0.0.0-20240210065606-32876027d0c0/go.mod h1:aibW6XtXasDWCuQLXqwWVMeUhLxPWYOGW6CLgzSiIRQ=
github.com/zncoder/mygo v0.0.0-20240210181329-4dab99d17659 h1:j98In478sXH/Eoj3uGoYdlsDuZy8ur1jQEKkbfiHYd4=
github.com/zncoder/mygo v0.0.0-20240210181329-4dab99d17659/go.mod h1:aibW6XtXasDWCuQLXqwWVMeUhLxPWYOGW6CLgzSiIRQ=
github.com/zncoder/mygo v0.0.0-20240210183402-5b496f36b53d h1:NCXkKYRQqiYTL1hEY7vqBjhTHhwHU/vnCR759iSv4r8=
github.com/zncoder/mygo v0.0.0-20240210183402-5b496f36b53d/go.mod h1:aibW6XtXasDWCuQLXqwWVMeUhLxPWYOGW6CLgzSiIRQ=
